
Microsoft Visual Studio Solution File, Format Version 12.00
# Visual Studio Version 17
VisualStudioVersion = 17.0.31903.59
MinimumVisualStudioVersion = 10.0.40219.1
Project("{FAE04EC0-301F-11D3-BF4B-00C04F79EFBC}") = "Library.Web", "Library.Web\Library.Web.csproj", "{2171AA3A-7268-439D-B752-4B0819618A4B}"
EndProject
Project("{FAE04EC0-301F-11D3-BF4B-00C04F79EFBC}") = "Library.Data", "Library.Data\Library.Data.csproj", "{7CB54060-86DB-4F3E-A376-D0A99784E7A0}"
EndProject
Project("{FAE04EC0-301F-11D3-BF4B-00C04F79EFBC}") = "Library.Service", "Library.Service\Library.Service.csproj", "{2944A338-26AD-4111-A571-05AF176F2E65}"
EndProject
Project("{FAE04EC0-301F-11D3-BF4B-00C04F79EFBC}") = "Library.Core", "Library.Core\Library.Core.csproj", "{DB0AB966-BB3F-484F-AD22-3EB61512865B}"
EndProject
Global
	GlobalSection(SolutionConfigurationPlatforms) = preSolution
		Debug|Any CPU = Debug|Any CPU
		Debug|x64 = Debug|x64
		Debug|x86 = Debug|x86
		Release|Any CPU = Release|Any CPU
		Release|x64 = Release|x64
		Release|x86 = Release|x86
	EndGlobalSection
	GlobalSection(ProjectConfigurationPlatforms) = postSolution
		{2171AA3A-7268-439D-B752-4B0819618A4B}.Debug|Any CPU.ActiveCfg = Debug|Any CPU
		{2171AA3A-7268-439D-B752-4B0819618A4B}.Debug|Any CPU.Build.0 = Debug|Any CPU
		{2171AA3A-7268-439D-B752-4B0819618A4B}.Debug|x64.ActiveCfg = Debug|Any CPU
		{2171AA3A-7268-439D-B752-4B0819618A4B}.Debug|x64.Build.0 = Debug|Any CPU
		{2171AA3A-7268-439D-B752-4B0819618A4B}.Debug|x86.ActiveCfg = Debug|Any CPU
		{2171AA3A-7268-439D-B752-4B0819618A4B}.Debug|x86.Build.0 = Debug|Any CPU
		{2171AA3A-7268-439D-B752-4B0819618A4B}.Release|Any CPU.ActiveCfg = Release|Any CPU
		{2171AA3A-7268-439D-B752-4B0819618A4B}.Release|Any CPU.Build.0 = Release|Any CPU
		{2171AA3A-7268-439D-B752-4B0819618A4B}.Release|x64.ActiveCfg = Release|Any CPU
		{2171AA3A-7268-439D-B752-4B0819618A4B}.Release|x64.Build.0 = Release|Any CPU
		{2171AA3A-7268-439D-B752-4B0819618A4B}.Release|x86.ActiveCfg = Release|Any CPU
		{2171AA3A-7268-439D-B752-4B0819618A4B}.Release|x86.Build.0 = Release|Any CPU
		{7CB54060-86DB-4F3E-A376-D0A99784E7A0}.Debug|Any CPU.ActiveCfg = Debug|Any CPU
		{7CB54060-86DB-4F3E-A376-D0A99784E7A0}.Debug|Any CPU.Build.0 = Debug|Any CPU
		{7CB54060-86DB-4F3E-A376-D0A99784E7A0}.Debug|x64.ActiveCfg = Debug|Any CPU
		{7CB54060-86DB-4F3E-A376-D0A99784E7A0}.Debug|x64.Build.0 = Debug|Any CPU
		{7CB54060-86DB-4F3E-A376-D0A99784E7A0}.Debug|x86.ActiveCfg = Debug|Any CPU
		{7CB54060-86DB-4F3E-A376-D0A99784E7A0}.Debug|x86.Build.0 = Debug|Any CPU
		{7CB54060-86DB-4F3E-A376-D0A99784E7A0}.Release|Any CPU.ActiveCfg = Release|Any CPU
		{7CB54060-86DB-4F3E-A376-D0A99784E7A0}.Release|Any CPU.Build.0 = Release|Any CPU
		{7CB54060-86DB-4F3E-A376-D0A99784E7A0}.Release|x64.ActiveCfg = Release|Any CPU
		{7CB54060-86DB-4F3E-A376-D0A99784E7A0}.Release|x64.Build.0 = Release|Any CPU
		{7CB54060-86DB-4F3E-A376-D0A99784E7A0}.Release|x86.ActiveCfg = Release|Any CPU
		{7CB54060-86DB-4F3E-A376-D0A99784E7A0}.Release|x86.Build.0 = Release|Any CPU
		{2944A338-26AD-4111-A571-05AF176F2E65}.Debug|Any CPU.ActiveCfg = Debug|Any CPU
		{2944A338-26AD-4111-A571-05AF176F2E65}.Debug|Any CPU.Build.0 = Debug|Any CPU
		{2944A338-26AD-4111-A571-05AF176F2E65}.Debug|x64.ActiveCfg = Debug|Any CPU
		{2944A338-26AD-4111-A571-05AF176F2E65}.Debug|x64.Build.0 = Debug|Any CPU
		{2944A338-26AD-4111-A571-05AF176F2E65}.Debug|x86.ActiveCfg = Debug|Any CPU
		{2944A338-26AD-4111-A571-05AF176F2E65}.Debug|x86.Build.0 = Debug|Any CPU
		{2944A338-26AD-4111-A571-05AF176F2E65}.Release|Any CPU.ActiveCfg = Release|Any CPU
		{2944A338-26AD-4111-A571-05AF176F2E65}.Release|Any CPU.Build.0 = Release|Any CPU
		{2944A338-26AD-4111-A571-05AF176F2E65}.Release|x64.ActiveCfg = Release|Any CPU
		{2944A338-26AD-4111-A571-05AF176F2E65}.Release|x64.Build.0 = Release|Any CPU
		{2944A338-26AD-4111-A571-05AF176F2E65}.Release|x86.ActiveCfg = Release|Any CPU
		{2944A338-26AD-4111-A571-05AF176F2E65}.Release|x86.Build.0 = Release|Any CPU
		{DB0AB966-BB3F-484F-AD22-3EB61512865B}.Debug|Any CPU.ActiveCfg = Debug|Any CPU
		{DB0AB966-BB3F-484F-AD22-3EB61512865B}.Debug|Any CPU.Build.0 = Debug|Any CPU
		{DB0AB966-BB3F-484F-AD22-3EB61512865B}.Debug|x64.ActiveCfg = Debug|Any CPU
		{DB0AB966-BB3F-484F-AD22-3EB61512865B}.Debug|x64.Build.0 = Debug|Any CPU
		{DB0AB966-BB3F-484F-AD22-3EB61512865B}.Debug|x86.ActiveCfg = Debug|Any CPU
		{DB0AB966-BB3F-484F-AD22-3EB61512865B}.Debug|x86.Build.0 = Debug|Any CPU
		{DB0AB966-BB3F-484F-AD22-3EB61512865B}.Release|Any CPU.ActiveCfg = Release|Any CPU
		{DB0AB966-BB3F-484F-AD22-3EB61512865B}.Release|Any CPU.Build.0 = Release|Any CPU
		{DB0AB966-BB3F-484F-AD22-3EB61512865B}.Release|x64.ActiveCfg = Release|Any CPU
		{DB0AB966-BB3F-484F-AD22-3EB61512865B}.Release|x64.Build.0 = Release|Any CPU
		{DB0AB966-BB3F-484F-AD22-3EB61512865B}.Release|x86.ActiveCfg = Release|Any CPU
		{DB0AB966-BB3F-484F-AD22-3EB61512865B}.Release|x86.Build.0 = Release|Any CPU
	EndGlobalSection
	GlobalSection(SolutionProperties) = preSolution
		HideSolutionNode = FALSE
	EndGlobalSection
EndGlobal
